{
	"name": "@nestjs-query/query-graphql",
	"version": "1.0.0",
	"lockfileVersion": 1,
	"requires": true,
	"dependencies": {
		"@dsherret/to-absolute-glob": {
			"version": "2.0.2",
			"resolved": "https://registry.npmjs.org/@dsherret/to-absolute-glob/-/to-absolute-glob-2.0.2.tgz",
			"integrity": "sha1-H2R13IvZdM6gei2vOGSzF7HdMyw=",
			"requires": {
				"is-absolute": "^1.0.0",
				"is-negated-glob": "^1.0.0"
			}
		},
		"@kamilkisiela/graphql-tools": {
			"version": "4.0.6",
			"resolved": "https://registry.npmjs.org/@kamilkisiela/graphql-tools/-/graphql-tools-4.0.6.tgz",
			"integrity": "sha512-IPWa+dOFCE4zaCsrJrAMp7yWXnfOZLNhqoMEOmn958WkLM0mmsDc/W/Rh7/7xopIT6P0oizb6/N1iH5HnNXOUA==",
			"requires": {
				"apollo-link": "^1.2.3",
				"apollo-utilities": "^1.0.1",
				"deprecated-decorator": "^0.1.6",
				"iterall": "^1.1.3",
				"uuid": "^3.1.0"
			}
		},
		"@nestjs/graphql": {
			"version": "6.5.3",
			"resolved": "https://registry.npmjs.org/@nestjs/graphql/-/graphql-6.5.3.tgz",
			"integrity": "sha512-k+mR+5Dhl2GsszpvNIvvM+9PHlJZncOEvQGHhC0loaHttL75PwU8m3Lwgcgun3Ej1OE1w6h6UwL4sc9PoxNZxA==",
			"requires": {
				"@types/graphql": "14.2.3",
				"chokidar": "3.1.1",
				"fast-glob": "3.0.4",
				"graphql-tools": "4.0.5",
				"lodash": "4.17.15",
				"merge-graphql-schemas": "1.7.0",
				"normalize-path": "3.0.0",
				"ts-morph": "4.0.1",
				"type-graphql": "^0.17.3",
				"uuid": "3.3.3"
			}
		},
		"@nodelib/fs.scandir": {
			"version": "2.1.3",
			"resolved": "https://registry.npmjs.org/@nodelib/fs.scandir/-/fs.scandir-2.1.3.tgz",
			"integrity": "sha512-eGmwYQn3gxo4r7jdQnkrrN6bY478C3P+a/y72IJukF8LjB6ZHeB3c+Ehacj3sYeSmUXGlnA67/PmbM9CVwL7Dw==",
			"requires": {
				"@nodelib/fs.stat": "2.0.3",
				"run-parallel": "^1.1.9"
			}
		},
		"@nodelib/fs.stat": {
			"version": "2.0.3",
			"resolved": "https://registry.npmjs.org/@nodelib/fs.stat/-/fs.stat-2.0.3.tgz",
			"integrity": "sha512-bQBFruR2TAwoevBEd/NWMoAAtNGzTRgdrqnYCc7dhzfoNvqPzLyqlEQnzZ3kVnNrSp25iyxE00/3h2fqGAGArA=="
		},
		"@nodelib/fs.walk": {
			"version": "1.2.4",
			"resolved": "https://registry.npmjs.org/@nodelib/fs.walk/-/fs.walk-1.2.4.tgz",
			"integrity": "sha512-1V9XOY4rDW0rehzbrcqAmHnz8e7SKvX27gh8Gt2WgB0+pdzdiLV83p72kZPU+jvMbS1qU5mauP2iOvO8rhmurQ==",
			"requires": {
				"@nodelib/fs.scandir": "2.1.3",
				"fastq": "^1.6.0"
			}
		},
		"@types/events": {
			"version": "3.0.0",
			"resolved": "https://registry.npmjs.org/@types/events/-/events-3.0.0.tgz",
			"integrity": "sha512-EaObqwIvayI5a8dCzhFrjKzVwKLxjoG9T6Ppd5CEo07LRKfQ8Yokw54r5+Wq7FaBQ+yXRvQAYPrHwya1/UFt9g=="
		},
		"@types/glob": {
			"version": "7.1.1",
			"resolved": "https://registry.npmjs.org/@types/glob/-/glob-7.1.1.tgz",
			"integrity": "sha512-1Bh06cbWJUHMC97acuD6UMG29nMt0Aqz1vF3guLfG+kHHJhy3AyohZFFxYk2f7Q1SQIrNwvncxAE0N/9s70F2w==",
			"requires": {
				"@types/events": "*",
				"@types/minimatch": "*",
				"@types/node": "*"
			}
		},
		"@types/graphql": {
			"version": "14.2.3",
			"resolved": "https://registry.npmjs.org/@types/graphql/-/graphql-14.2.3.tgz",
			"integrity": "sha512-UoCovaxbJIxagCvVfalfK7YaNhmxj3BQFRQ2RHQKLiu+9wNXhJnlbspsLHt/YQM99IaLUUFJNzCwzc6W0ypMeQ=="
		},
		"@types/graphql-relay": {
			"version": "0.4.11",
			"resolved": "https://registry.npmjs.org/@types/graphql-relay/-/graphql-relay-0.4.11.tgz",
			"integrity": "sha512-b/dEvz8KBsUrxRbY4kBCVbef6Fm+UhWB4G8L8SYFJEd5V/hszSPnoY+k5Pf3j6As7bXHhBlbmLyJj0aJzCKE/Q==",
			"dev": true,
			"requires": {
				"graphql": "^14.5.3"
			}
		},
		"@types/minimatch": {
			"version": "3.0.3",
			"resolved": "https://registry.npmjs.org/@types/minimatch/-/minimatch-3.0.3.tgz",
			"integrity": "sha512-tHq6qdbT9U1IRSGf14CL0pUlULksvY9OZ+5eEgl1N7t+OA3tGvNpxJCzuKQlsNgCVwbAs670L1vcVQi8j9HjnA=="
		},
		"@types/node": {
			"version": "12.12.7",
			"resolved": "https://registry.npmjs.org/@types/node/-/node-12.12.7.tgz",
			"integrity": "sha512-E6Zn0rffhgd130zbCbAr/JdXfXkoOUFAKNs/rF8qnafSJ8KYaA/j3oz7dcwal+lYjLA7xvdd5J4wdYpCTlP8+w=="
		},
		"@types/pluralize": {
			"version": "0.0.29",
			"resolved": "https://registry.npmjs.org/@types/pluralize/-/pluralize-0.0.29.tgz",
			"integrity": "sha512-BYOID+l2Aco2nBik+iYS4SZX0Lf20KPILP5RGmM1IgzdwNdTs0eebiFriOPcej1sX9mLnSoiNte5zcFxssgpGA==",
			"dev": true
		},
		"@types/semver": {
			"version": "6.2.0",
			"resolved": "https://registry.npmjs.org/@types/semver/-/semver-6.2.0.tgz",
			"integrity": "sha512-1OzrNb4RuAzIT7wHSsgZRlMBlNsJl+do6UblR7JMW4oB7bbR+uBEYtUh7gEc/jM84GGilh68lSOokyM/zNUlBA==",
			"optional": true
		},
		"@types/validator": {
			"version": "10.11.3",
			"resolved": "https://registry.npmjs.org/@types/validator/-/validator-10.11.3.tgz",
			"integrity": "sha512-GKF2VnEkMmEeEGvoo03ocrP9ySMuX1ypKazIYMlsjfslfBMhOAtC5dmEWKdJioW4lJN7MZRS88kalTsVClyQ9w==",
			"optional": true
		},
		"@wry/equality": {
			"version": "0.1.9",
			"resolved": "https://registry.npmjs.org/@wry/equality/-/equality-0.1.9.tgz",
			"integrity": "sha512-mB6ceGjpMGz1ZTza8HYnrPGos2mC6So4NhS1PtZ8s4Qt0K7fBiIGhpSxUbQmhwcSWE3no+bYxmI2OL6KuXYmoQ==",
			"requires": {
				"tslib": "^1.9.3"
			}
		},
		"aggregate-error": {
			"version": "3.0.0",
			"resolved": "https://registry.npmjs.org/aggregate-error/-/aggregate-error-3.0.0.tgz",
			"integrity": "sha512-yKD9kEoJIR+2IFqhMwayIBgheLYbB3PS2OBhWae1L/ODTd/JF/30cW0bc9TqzRL3k4U41Dieu3BF4I29p8xesA==",
			"requires": {
				"clean-stack": "^2.0.0",
				"indent-string": "^3.2.0"
			}
		},
		"anymatch": {
			"version": "3.1.1",
			"resolved": "https://registry.npmjs.org/anymatch/-/anymatch-3.1.1.tgz",
			"integrity": "sha512-mM8522psRCqzV+6LhomX5wgp25YVibjh8Wj23I5RPkPppSVSjyKD2A2mBJmWGa+KN7f2D6LNh9jkBCeyLktzjg==",
			"requires": {
				"normalize-path": "^3.0.0",
				"picomatch": "^2.0.4"
			}
		},
		"apollo-link": {
			"version": "1.2.13",
			"resolved": "https://registry.npmjs.org/apollo-link/-/apollo-link-1.2.13.tgz",
			"integrity": "sha512-+iBMcYeevMm1JpYgwDEIDt/y0BB7VWyvlm/7x+TIPNLHCTCMgcEgDuW5kH86iQZWo0I7mNwQiTOz+/3ShPFmBw==",
			"requires": {
				"apollo-utilities": "^1.3.0",
				"ts-invariant": "^0.4.0",
				"tslib": "^1.9.3",
				"zen-observable-ts": "^0.8.20"
			}
		},
		"apollo-utilities": {
			"version": "1.3.2",
			"resolved": "https://registry.npmjs.org/apollo-utilities/-/apollo-utilities-1.3.2.tgz",
			"integrity": "sha512-JWNHj8XChz7S4OZghV6yc9FNnzEXj285QYp/nLNh943iObycI5GTDO3NGR9Dth12LRrSFMeDOConPfPln+WGfg==",
			"requires": {
				"@wry/equality": "^0.1.2",
				"fast-json-stable-stringify": "^2.0.0",
				"ts-invariant": "^0.4.0",
				"tslib": "^1.9.3"
			}
		},
		"array-differ": {
			"version": "3.0.0",
			"resolved": "https://registry.npmjs.org/array-differ/-/array-differ-3.0.0.tgz",
			"integrity": "sha512-THtfYS6KtME/yIAhKjZ2ul7XI96lQGHRputJQHO80LAWQnuGP4iCIN8vdMRboGbIEYBwU33q8Tch1os2+X0kMg=="
		},
		"array-union": {
			"version": "2.1.0",
			"resolved": "https://registry.npmjs.org/array-union/-/array-union-2.1.0.tgz",
			"integrity": "sha512-HGyxoOTYUyCM6stUe6EJgnd4EoewAI7zMdfqO+kGjnlZmBDz/cR5pf8r/cR4Wq60sL/p0IkcjUEEPwS3GFrIyw=="
		},
		"arrify": {
			"version": "2.0.1",
			"resolved": "https://registry.npmjs.org/arrify/-/arrify-2.0.1.tgz",
			"integrity": "sha512-3duEwti880xqi4eAMN8AyR4a0ByT90zoYdLlevfrvU43vb0YZwZVfxOgxWrLXXXpyugL0hNZc9G6BiB5B3nUug=="
		},
		"asyncro": {
			"version": "3.0.0",
			"resolved": "https://registry.npmjs.org/asyncro/-/asyncro-3.0.0.tgz",
			"integrity": "sha512-nEnWYfrBmA3taTiuiOoZYmgJ/CNrSoQLeLs29SeLcPu60yaw/mHDBHV0iOZ051fTvsTHxpCY+gXibqT9wbQYfg=="
		},
		"balanced-match": {
			"version": "1.0.0",
			"resolved": "https://registry.npmjs.org/balanced-match/-/balanced-match-1.0.0.tgz",
			"integrity": "sha1-ibTRmasr7kneFk6gK4nORi1xt2c="
		},
		"binary-extensions": {
			"version": "2.0.0",
			"resolved": "https://registry.npmjs.org/binary-extensions/-/binary-extensions-2.0.0.tgz",
			"integrity": "sha512-Phlt0plgpIIBOGTT/ehfFnbNlfsDEiqmzE2KRXoX1bLIlir4X/MR+zSyBEkL05ffWgnRSf/DXv+WrUAVr93/ow=="
		},
		"brace-expansion": {
			"version": "1.1.11",
			"resolved": "https://registry.npmjs.org/brace-expansion/-/brace-expansion-1.1.11.tgz",
			"integrity": "sha512-iCuPHDFgrHX7H2vEI/5xpz07zSHB00TpugqhmYtVmMO6518mCuRMoOYFldEBl0g187ufozdaHgWKcYFb61qGiA==",
			"requires": {
				"balanced-match": "^1.0.0",
				"concat-map": "0.0.1"
			}
		},
		"braces": {
			"version": "3.0.2",
			"resolved": "https://registry.npmjs.org/braces/-/braces-3.0.2.tgz",
			"integrity": "sha512-b8um+L1RzM3WDSzvhm6gIz1yfTbBt6YTlcEKAvsmqCZZFw46z626lVj9j1yEPW33H5H+lBQpZMP1k8l+78Ha0A==",
			"requires": {
				"fill-range": "^7.0.1"
			}
		},
		"camel-case": {
			"version": "3.0.0",
			"resolved": "https://registry.npmjs.org/camel-case/-/camel-case-3.0.0.tgz",
			"integrity": "sha1-yjw2iKTpzzpM2nd9xNy8cTJJz3M=",
			"requires": {
				"no-case": "^2.2.0",
				"upper-case": "^1.1.1"
			}
		},
		"change-case": {
			"version": "3.1.0",
			"resolved": "https://registry.npmjs.org/change-case/-/change-case-3.1.0.tgz",
			"integrity": "sha512-2AZp7uJZbYEzRPsFoa+ijKdvp9zsrnnt6+yFokfwEpeJm0xuJDVoxiRCAaTzyJND8GJkofo2IcKWaUZ/OECVzw==",
			"requires": {
				"camel-case": "^3.0.0",
				"constant-case": "^2.0.0",
				"dot-case": "^2.1.0",
				"header-case": "^1.0.0",
				"is-lower-case": "^1.1.0",
				"is-upper-case": "^1.1.0",
				"lower-case": "^1.1.1",
				"lower-case-first": "^1.0.0",
				"no-case": "^2.3.2",
				"param-case": "^2.1.0",
				"pascal-case": "^2.0.0",
				"path-case": "^2.1.0",
				"sentence-case": "^2.1.0",
				"snake-case": "^2.1.0",
				"swap-case": "^1.1.0",
				"title-case": "^2.1.0",
				"upper-case": "^1.1.1",
				"upper-case-first": "^1.1.0"
			}
		},
		"chokidar": {
			"version": "3.1.1",
			"resolved": "https://registry.npmjs.org/chokidar/-/chokidar-3.1.1.tgz",
			"integrity": "sha512-df4o16uZmMHzVQwECZRHwfguOt5ixpuQVaZHjYMvYisgKhE+JXwcj/Tcr3+3bu/XeOJQ9ycYmzu7Mv8XrGxJDQ==",
			"requires": {
				"anymatch": "^3.1.0",
				"braces": "^3.0.2",
				"fsevents": "^2.0.6",
				"glob-parent": "^5.0.0",
				"is-binary-path": "^2.1.0",
				"is-glob": "^4.0.1",
				"normalize-path": "^3.0.0",
				"readdirp": "^3.1.1"
			}
		},
		"class-validator": {
			"version": "0.11.0",
			"resolved": "https://registry.npmjs.org/class-validator/-/class-validator-0.11.0.tgz",
			"integrity": "sha512-niAmmSPFku9xsnpYYrddy8NZRrCX3yyoZ/rgPKOilE5BG0Ma1eVCIxpR4X0LasL/6BzbYzsutG+mSbAXlh4zNw==",
			"optional": true,
			"requires": {
				"@types/validator": "10.11.3",
				"google-libphonenumber": "^3.1.6",
				"validator": "12.0.0"
			}
		},
		"clean-stack": {
			"version": "2.2.0",
			"resolved": "https://registry.npmjs.org/clean-stack/-/clean-stack-2.2.0.tgz",
			"integrity": "sha512-4diC9HaTE+KRAMWhDhrGOECgWZxoevMc5TlkObMqNSsVU62PYzXZ/SMTjzyGAFF1YusgxGcSWTEXBhp0CPwQ1A=="
		},
		"code-block-writer": {
			"version": "10.0.0",
			"resolved": "https://registry.npmjs.org/code-block-writer/-/code-block-writer-10.0.0.tgz",
			"integrity": "sha512-UIlTeLDLvu9YDmxh566yrnKCTBULJNCF+oUoRTv8gmt5/DIqp7pozkUu5hnpUPWjgIHEqkOeAiSGuN8E3A+Wuw=="
		},
		"concat-map": {
			"version": "0.0.1",
			"resolved": "https://registry.npmjs.org/concat-map/-/concat-map-0.0.1.tgz",
			"integrity": "sha1-2Klr13/Wjfd5OnMDajug1UBdR3s="
		},
		"constant-case": {
			"version": "2.0.0",
			"resolved": "https://registry.npmjs.org/constant-case/-/constant-case-2.0.0.tgz",
			"integrity": "sha1-QXV2TTidP6nI7NKRhu1gBSQ7akY=",
			"requires": {
				"snake-case": "^2.1.0",
				"upper-case": "^1.1.1"
			}
		},
		"cross-fetch": {
			"version": "3.0.4",
			"resolved": "https://registry.npmjs.org/cross-fetch/-/cross-fetch-3.0.4.tgz",
			"integrity": "sha512-MSHgpjQqgbT/94D4CyADeNoYh52zMkCX4pcJvPP5WqPsLFMKjr2TCMg381ox5qI0ii2dPwaLx/00477knXqXVw==",
			"requires": {
				"node-fetch": "2.6.0",
				"whatwg-fetch": "3.0.0"
			}
		},
		"deepmerge": {
			"version": "4.0.0",
			"resolved": "https://registry.npmjs.org/deepmerge/-/deepmerge-4.0.0.tgz",
			"integrity": "sha512-YZ1rOP5+kHor4hMAH+HRQnBQHg+wvS1un1hAOuIcxcBy0hzcUf6Jg2a1w65kpoOUnurOfZbERwjI1TfZxNjcww=="
		},
		"deprecated-decorator": {
			"version": "0.1.6",
			"resolved": "https://registry.npmjs.org/deprecated-decorator/-/deprecated-decorator-0.1.6.tgz",
			"integrity": "sha1-AJZjF7ehL+kvPMgx91g68ym4bDc="
		},
		"dir-glob": {
			"version": "3.0.1",
			"resolved": "https://registry.npmjs.org/dir-glob/-/dir-glob-3.0.1.tgz",
			"integrity": "sha512-WkrWp9GR4KXfKGYzOLmTuGVi1UWFfws377n9cc55/tb6DuqyF6pcQ5AbiHEshaDpY9v6oaSr2XCDidGmMwdzIA==",
			"requires": {
				"path-type": "^4.0.0"
			}
		},
		"dot-case": {
			"version": "2.1.1",
			"resolved": "https://registry.npmjs.org/dot-case/-/dot-case-2.1.1.tgz",
			"integrity": "sha1-NNzzf1Co6TwrO8qLt/uRVcfaO+4=",
			"requires": {
				"no-case": "^2.2.0"
			}
		},
		"fast-glob": {
			"version": "3.0.4",
			"resolved": "https://registry.npmjs.org/fast-glob/-/fast-glob-3.0.4.tgz",
			"integrity": "sha512-wkIbV6qg37xTJwqSsdnIphL1e+LaGz4AIQqr00mIubMaEhv1/HEmJ0uuCGZRNRUkZZmOB5mJKO0ZUTVq+SxMQg==",
			"requires": {
				"@nodelib/fs.stat": "^2.0.1",
				"@nodelib/fs.walk": "^1.2.1",
				"glob-parent": "^5.0.0",
				"is-glob": "^4.0.1",
				"merge2": "^1.2.3",
				"micromatch": "^4.0.2"
			}
		},
		"fast-json-stable-stringify": {
			"version": "2.0.0",
			"resolved": "https://registry.npmjs.org/fast-json-stable-stringify/-/fast-json-stable-stringify-2.0.0.tgz",
			"integrity": "sha1-1RQsDK7msRifh9OnYREGT4bIu/I="
		},
		"fastq": {
			"version": "1.6.0",
			"resolved": "https://registry.npmjs.org/fastq/-/fastq-1.6.0.tgz",
			"integrity": "sha512-jmxqQ3Z/nXoeyDmWAzF9kH1aGZSis6e/SbfPmJpUnyZ0ogr6iscHQaml4wsEepEWSdtmpy+eVXmCRIMpxaXqOA==",
			"requires": {
				"reusify": "^1.0.0"
			}
		},
		"fill-range": {
			"version": "7.0.1",
			"resolved": "https://registry.npmjs.org/fill-range/-/fill-range-7.0.1.tgz",
			"integrity": "sha512-qOo9F+dMUmC2Lcb4BbVvnKJxTPjCm+RRpe4gDuGrzkL7mEVl/djYSu2OdQ2Pa302N4oqkSg9ir6jaLWJ2USVpQ==",
			"requires": {
				"to-regex-range": "^5.0.1"
			}
		},
		"fs-extra": {
			"version": "8.1.0",
			"resolved": "https://registry.npmjs.org/fs-extra/-/fs-extra-8.1.0.tgz",
			"integrity": "sha512-yhlQgA6mnOJUKOsRUFsgJdQCvkKhcz8tlZG5HBQfReYZy46OwLcY+Zia0mtdHsOo9y/hP+CxMN0TU9QxoOtG4g==",
			"requires": {
				"graceful-fs": "^4.2.0",
				"jsonfile": "^4.0.0",
				"universalify": "^0.1.0"
			}
		},
		"fs.realpath": {
			"version": "1.0.0",
			"resolved": "https://registry.npmjs.org/fs.realpath/-/fs.realpath-1.0.0.tgz",
			"integrity": "sha1-FQStJSMVjKpA20onh8sBQRmU6k8="
		},
		"fsevents": {
			"version": "2.1.2",
			"resolved": "https://registry.npmjs.org/fsevents/-/fsevents-2.1.2.tgz",
			"integrity": "sha512-R4wDiBwZ0KzpgOWetKDug1FZcYhqYnUYKtfZYt4mD5SBz76q0KR4Q9o7GIPamsVPGmW3EYPPJ0dOOjvx32ldZA==",
			"optional": true
		},
		"glob": {
			"version": "7.1.4",
			"resolved": "https://registry.npmjs.org/glob/-/glob-7.1.4.tgz",
			"integrity": "sha512-hkLPepehmnKk41pUGm3sYxoFs/umurYfYJCerbXEyFIWcAzvpipAgVkBqqT9RBKMGjnq6kMuyYwha6csxbiM1A==",
			"requires": {
				"fs.realpath": "^1.0.0",
				"inflight": "^1.0.4",
				"inherits": "2",
				"minimatch": "^3.0.4",
				"once": "^1.3.0",
				"path-is-absolute": "^1.0.0"
			}
		},
		"glob-parent": {
			"version": "5.1.0",
			"resolved": "https://registry.npmjs.org/glob-parent/-/glob-parent-5.1.0.tgz",
			"integrity": "sha512-qjtRgnIVmOfnKUE3NJAQEdk+lKrxfw8t5ke7SXtfMTHcjsBfOfWXCQfdb30zfDoZQ2IRSIiidmjtbHZPZ++Ihw==",
			"requires": {
				"is-glob": "^4.0.1"
			}
		},
		"globby": {
			"version": "10.0.1",
			"resolved": "https://registry.npmjs.org/globby/-/globby-10.0.1.tgz",
			"integrity": "sha512-sSs4inE1FB2YQiymcmTv6NWENryABjUNPeWhOvmn4SjtKybglsyPZxFB3U1/+L1bYi0rNZDqCLlHyLYDl1Pq5A==",
			"requires": {
				"@types/glob": "^7.1.1",
				"array-union": "^2.1.0",
				"dir-glob": "^3.0.1",
				"fast-glob": "^3.0.3",
				"glob": "^7.1.3",
				"ignore": "^5.1.1",
				"merge2": "^1.2.3",
				"slash": "^3.0.0"
			}
		},
		"google-libphonenumber": {
			"version": "3.2.6",
			"resolved": "https://registry.npmjs.org/google-libphonenumber/-/google-libphonenumber-3.2.6.tgz",
			"integrity": "sha512-6QCQAaKJlSd/1dUqvdQf7zzfb3uiZHsG8yhCfOdCVRfMuPZ/VDIEB47y5SYwjPQJPs7ebfW5jj6PeobB9JJ4JA==",
			"optional": true
		},
		"graceful-fs": {
			"version": "4.2.3",
			"resolved": "https://registry.npmjs.org/graceful-fs/-/graceful-fs-4.2.3.tgz",
			"integrity": "sha512-a30VEBm4PEdx1dRB7MFK7BejejvCvBronbLjht+sHuGYj8PHs7M/5Z+rt5lw551vZ7yfTCj4Vuyy3mSJytDWRQ=="
		},
		"graphql": {
			"version": "14.5.8",
			"resolved": "https://registry.npmjs.org/graphql/-/graphql-14.5.8.tgz",
			"integrity": "sha512-MMwmi0zlVLQKLdGiMfWkgQD7dY/TUKt4L+zgJ/aR0Howebod3aNgP5JkgvAULiR2HPVZaP2VEElqtdidHweLkg==",
			"dev": true,
			"requires": {
				"iterall": "^1.2.2"
			}
		},
		"graphql-import": {
			"version": "0.7.1",
			"resolved": "https://registry.npmjs.org/graphql-import/-/graphql-import-0.7.1.tgz",
			"integrity": "sha512-YpwpaPjRUVlw2SN3OPljpWbVRWAhMAyfSba5U47qGMOSsPLi2gYeJtngGpymjm9nk57RFWEpjqwh4+dpYuFAPw==",
			"requires": {
				"lodash": "^4.17.4",
				"resolve-from": "^4.0.0"
			}
		},
		"graphql-query-complexity": {
			"version": "0.3.0",
			"resolved": "https://registry.npmjs.org/graphql-query-complexity/-/graphql-query-complexity-0.3.0.tgz",
			"integrity": "sha512-JVqHT81Eh9O17iOjs1r1qzsh5YY2upfA3zoUsQGggT4d+1hajWitk4GQQY5SZtq5eul7y6jMsM9qRUSOAKhDJQ==",
			"optional": true,
			"requires": {
				"lodash.get": "^4.4.2"
			}
		},
		"graphql-subscriptions": {
			"version": "1.1.0",
			"resolved": "https://registry.npmjs.org/graphql-subscriptions/-/graphql-subscriptions-1.1.0.tgz",
			"integrity": "sha512-6WzlBFC0lWmXJbIVE8OgFgXIP4RJi3OQgTPa0DVMsDXdpRDjTsM1K9wfl5HSYX7R87QAGlvcv2Y4BIZa/ItonA==",
			"optional": true,
			"requires": {
				"iterall": "^1.2.1"
			}
		},
		"graphql-toolkit": {
			"version": "0.5.0",
			"resolved": "https://registry.npmjs.org/graphql-toolkit/-/graphql-toolkit-0.5.0.tgz",
			"integrity": "sha512-tBgqyWPHI/Pgt+jp+uLZZy2EBCzjd6yWAu73oUlmrhgg7XM6f1ONotVHvIO2MK7j8khR+ex/cUe8FgpS1i845w==",
			"requires": {
				"@kamilkisiela/graphql-tools": "4.0.6",
				"@types/glob": "7.1.1",
				"aggregate-error": "3.0.0",
				"asyncro": "^3.0.0",
				"cross-fetch": "^3.0.4",
				"deepmerge": "4.0.0",
				"glob": "7.1.4",
				"graphql-import": "0.7.1",
				"is-glob": "4.0.1",
				"is-valid-path": "0.1.1",
				"lodash": "4.17.15",
				"tslib": "^1.9.3",
				"valid-url": "1.0.9"
			}
		},
		"graphql-tools": {
			"version": "4.0.5",
			"resolved": "https://registry.npmjs.org/graphql-tools/-/graphql-tools-4.0.5.tgz",
			"integrity": "sha512-kQCh3IZsMqquDx7zfIGWBau42xe46gmqabwYkpPlCLIjcEY1XK+auP7iGRD9/205BPyoQdY8hT96MPpgERdC9Q==",
			"requires": {
				"apollo-link": "^1.2.3",
				"apollo-utilities": "^1.0.1",
				"deprecated-decorator": "^0.1.6",
				"iterall": "^1.1.3",
				"uuid": "^3.1.0"
			}
		},
		"header-case": {
			"version": "1.0.1",
			"resolved": "https://registry.npmjs.org/header-case/-/header-case-1.0.1.tgz",
			"integrity": "sha1-lTWXMZfBRLCWE81l0xfvGZY70C0=",
			"requires": {
				"no-case": "^2.2.0",
				"upper-case": "^1.1.3"
			}
		},
		"ignore": {
			"version": "5.1.4",
			"resolved": "https://registry.npmjs.org/ignore/-/ignore-5.1.4.tgz",
			"integrity": "sha512-MzbUSahkTW1u7JpKKjY7LCARd1fU5W2rLdxlM4kdkayuCwZImjkpluF9CM1aLewYJguPDqewLam18Y6AU69A8A=="
		},
		"indent-string": {
			"version": "3.2.0",
			"resolved": "https://registry.npmjs.org/indent-string/-/indent-string-3.2.0.tgz",
			"integrity": "sha1-Sl/W0nzDMvN+VBmlBNu4NxBckok="
		},
		"inflight": {
			"version": "1.0.6",
			"resolved": "https://registry.npmjs.org/inflight/-/inflight-1.0.6.tgz",
			"integrity": "sha1-Sb1jMdfQLQwJvJEKEHW6gWW1bfk=",
			"requires": {
				"once": "^1.3.0",
				"wrappy": "1"
			}
		},
		"inherits": {
			"version": "2.0.4",
			"resolved": "https://registry.npmjs.org/inherits/-/inherits-2.0.4.tgz",
			"integrity": "sha512-k/vGaX4/Yla3WzyMCvTQOXYeIHvqOKtnqBduzTHpzpQZzAskKMhZ2K+EnBiSM9zGSoIFeMpXKxa4dYeZIQqewQ=="
		},
		"is-absolute": {
			"version": "1.0.0",
			"resolved": "https://registry.npmjs.org/is-absolute/-/is-absolute-1.0.0.tgz",
			"integrity": "sha512-dOWoqflvcydARa360Gvv18DZ/gRuHKi2NU/wU5X1ZFzdYfH29nkiNZsF3mp4OJ3H4yo9Mx8A/uAGNzpzPN3yBA==",
			"requires": {
				"is-relative": "^1.0.0",
				"is-windows": "^1.0.1"
			}
		},
		"is-binary-path": {
			"version": "2.1.0",
			"resolved": "https://registry.npmjs.org/is-binary-path/-/is-binary-path-2.1.0.tgz",
			"integrity": "sha512-ZMERYes6pDydyuGidse7OsHxtbI7WVeUEozgR/g7rd0xUimYNlvZRE/K2MgZTjWy725IfelLeVcEM97mmtRGXw==",
			"requires": {
				"binary-extensions": "^2.0.0"
			}
		},
		"is-extglob": {
			"version": "2.1.1",
			"resolved": "https://registry.npmjs.org/is-extglob/-/is-extglob-2.1.1.tgz",
			"integrity": "sha1-qIwCU1eR8C7TfHahueqXc8gz+MI="
		},
		"is-glob": {
			"version": "4.0.1",
			"resolved": "https://registry.npmjs.org/is-glob/-/is-glob-4.0.1.tgz",
			"integrity": "sha512-5G0tKtBTFImOqDnLB2hG6Bp2qcKEFduo4tZu9MT/H6NQv/ghhy30o55ufafxJ/LdH79LLs2Kfrn85TLKyA7BUg==",
			"requires": {
				"is-extglob": "^2.1.1"
			}
		},
		"is-invalid-path": {
			"version": "0.1.0",
			"resolved": "https://registry.npmjs.org/is-invalid-path/-/is-invalid-path-0.1.0.tgz",
			"integrity": "sha1-MHqFWzzxqTi0TqcNLGEQYFNxTzQ=",
			"requires": {
				"is-glob": "^2.0.0"
			},
			"dependencies": {
				"is-extglob": {
					"version": "1.0.0",
					"resolved": "https://registry.npmjs.org/is-extglob/-/is-extglob-1.0.0.tgz",
					"integrity": "sha1-rEaBd8SUNAWgkvyPKXYMb/xiBsA="
				},
				"is-glob": {
					"version": "2.0.1",
					"resolved": "https://registry.npmjs.org/is-glob/-/is-glob-2.0.1.tgz",
					"integrity": "sha1-0Jb5JqPe1WAPP9/ZEZjLCIjC2GM=",
					"requires": {
						"is-extglob": "^1.0.0"
					}
				}
			}
		},
		"is-lower-case": {
			"version": "1.1.3",
			"resolved": "https://registry.npmjs.org/is-lower-case/-/is-lower-case-1.1.3.tgz",
			"integrity": "sha1-fhR75HaNxGbbO/shzGCzHmrWk5M=",
			"requires": {
				"lower-case": "^1.1.0"
			}
		},
		"is-negated-glob": {
			"version": "1.0.0",
			"resolved": "https://registry.npmjs.org/is-negated-glob/-/is-negated-glob-1.0.0.tgz",
			"integrity": "sha1-aRC8pdqMleeEtXUbl2z1oQ/uNtI="
		},
		"is-number": {
			"version": "7.0.0",
			"resolved": "https://registry.npmjs.org/is-number/-/is-number-7.0.0.tgz",
			"integrity": "sha512-41Cifkg6e8TylSpdtTpeLVMqvSBEVzTttHvERD741+pnZ8ANv0004MRL43QKPDlK9cGvNp6NZWZUBlbGXYxxng=="
		},
		"is-relative": {
			"version": "1.0.0",
			"resolved": "https://registry.npmjs.org/is-relative/-/is-relative-1.0.0.tgz",
			"integrity": "sha512-Kw/ReK0iqwKeu0MITLFuj0jbPAmEiOsIwyIXvvbfa6QfmN9pkD1M+8pdk7Rl/dTKbH34/XBFMbgD4iMJhLQbGA==",
			"requires": {
				"is-unc-path": "^1.0.0"
			}
		},
		"is-unc-path": {
			"version": "1.0.0",
			"resolved": "https://registry.npmjs.org/is-unc-path/-/is-unc-path-1.0.0.tgz",
			"integrity": "sha512-mrGpVd0fs7WWLfVsStvgF6iEJnbjDFZh9/emhRDcGWTduTfNHd9CHeUwH3gYIjdbwo4On6hunkztwOaAw0yllQ==",
			"requires": {
				"unc-path-regex": "^0.1.2"
			}
		},
		"is-upper-case": {
			"version": "1.1.2",
			"resolved": "https://registry.npmjs.org/is-upper-case/-/is-upper-case-1.1.2.tgz",
			"integrity": "sha1-jQsfp+eTOh5YSDYA7H2WYcuvdW8=",
			"requires": {
				"upper-case": "^1.1.0"
			}
		},
		"is-valid-path": {
			"version": "0.1.1",
			"resolved": "https://registry.npmjs.org/is-valid-path/-/is-valid-path-0.1.1.tgz",
			"integrity": "sha1-EQ+f90w39mPh7HkV60UfLbk6yd8=",
			"requires": {
				"is-invalid-path": "^0.1.0"
			}
		},
		"is-windows": {
			"version": "1.0.2",
			"resolved": "https://registry.npmjs.org/is-windows/-/is-windows-1.0.2.tgz",
			"integrity": "sha512-eXK1UInq2bPmjyX6e3VHIzMLobc4J94i4AWn+Hpq3OU5KkrRC96OAcR3PRJ/pGu6m8TRnBHP9dkXQVsT/COVIA=="
		},
		"iterall": {
			"version": "1.2.2",
			"resolved": "https://registry.npmjs.org/iterall/-/iterall-1.2.2.tgz",
			"integrity": "sha512-yynBb1g+RFUPY64fTrFv7nsjRrENBQJaX2UL+2Szc9REFrSNm1rpSXHGzhmAy7a9uv3vlvgBlXnf9RqmPH1/DA=="
		},
		"jsonfile": {
			"version": "4.0.0",
			"resolved": "https://registry.npmjs.org/jsonfile/-/jsonfile-4.0.0.tgz",
			"integrity": "sha1-h3Gq4HmbZAdrdmQPygWPnBDjPss=",
			"requires": {
				"graceful-fs": "^4.1.6"
			}
		},
		"lodash": {
			"version": "4.17.15",
			"resolved": "https://registry.npmjs.org/lodash/-/lodash-4.17.15.tgz",
			"integrity": "sha512-8xOcRHvCjnocdS5cpwXQXVzmmh5e5+saE2QGoeQmbKmRS6J3VQppPOIt0MnmE+4xlZoumy0GPG0D0MVIQbNA1A=="
		},
		"lodash.get": {
			"version": "4.4.2",
			"resolved": "https://registry.npmjs.org/lodash.get/-/lodash.get-4.4.2.tgz",
			"integrity": "sha1-LRd/ZS+jHpObRDjVNBSZ36OCXpk=",
			"optional": true
		},
		"lower-case": {
			"version": "1.1.4",
			"resolved": "https://registry.npmjs.org/lower-case/-/lower-case-1.1.4.tgz",
			"integrity": "sha1-miyr0bno4K6ZOkv31YdcOcQujqw="
		},
		"lower-case-first": {
			"version": "1.0.2",
			"resolved": "https://registry.npmjs.org/lower-case-first/-/lower-case-first-1.0.2.tgz",
			"integrity": "sha1-5dp8JvKacHO+AtUrrJmA5ZIq36E=",
			"requires": {
				"lower-case": "^1.1.2"
			}
		},
		"merge-graphql-schemas": {
			"version": "1.7.0",
			"resolved": "https://registry.npmjs.org/merge-graphql-schemas/-/merge-graphql-schemas-1.7.0.tgz",
			"integrity": "sha512-uxErpYVjlf91eTBdwHxVEwKtaosmmEHMJaQfe35XHwOEpUfhA9OFbYKRfZX5jUUS53xMnk203HDAl/u0EfjP7A==",
			"requires": {
				"graphql-toolkit": "0.5.0",
				"tslib": "1.10.0"
			}
		},
		"merge2": {
			"version": "1.3.0",
			"resolved": "https://registry.npmjs.org/merge2/-/merge2-1.3.0.tgz",
			"integrity": "sha512-2j4DAdlBOkiSZIsaXk4mTE3sRS02yBHAtfy127xRV3bQUFqXkjHCHLW6Scv7DwNRbIWNHH8zpnz9zMaKXIdvYw=="
		},
		"micromatch": {
			"version": "4.0.2",
			"resolved": "https://registry.npmjs.org/micromatch/-/micromatch-4.0.2.tgz",
			"integrity": "sha512-y7FpHSbMUMoyPbYUSzO6PaZ6FyRnQOpHuKwbo1G+Knck95XVU4QAiKdGEnj5wwoS7PlOgthX/09u5iFJ+aYf5Q==",
			"requires": {
				"braces": "^3.0.1",
				"picomatch": "^2.0.5"
			}
		},
		"minimatch": {
			"version": "3.0.4",
			"resolved": "https://registry.npmjs.org/minimatch/-/minimatch-3.0.4.tgz",
			"integrity": "sha512-yJHVQEhyqPLUTgt9B83PXu6W3rx4MvvHvSUvToogpwoGDOUQ+yDrR0HRot+yOCdCO7u4hX3pWft6kWBBcqh0UA==",
			"requires": {
				"brace-expansion": "^1.1.7"
			}
		},
		"multimatch": {
			"version": "4.0.0",
			"resolved": "https://registry.npmjs.org/multimatch/-/multimatch-4.0.0.tgz",
			"integrity": "sha512-lDmx79y1z6i7RNx0ZGCPq1bzJ6ZoDDKbvh7jxr9SJcWLkShMzXrHbYVpTdnhNM5MXpDUxCQ4DgqVttVXlBgiBQ==",
			"requires": {
				"@types/minimatch": "^3.0.3",
				"array-differ": "^3.0.0",
				"array-union": "^2.1.0",
				"arrify": "^2.0.1",
				"minimatch": "^3.0.4"
			}
		},
		"no-case": {
			"version": "2.3.2",
			"resolved": "https://registry.npmjs.org/no-case/-/no-case-2.3.2.tgz",
			"integrity": "sha512-rmTZ9kz+f3rCvK2TD1Ue/oZlns7OGoIWP4fc3llxxRXlOkHKoWPPWJOfFYpITabSow43QJbRIoHQXtt10VldyQ==",
			"requires": {
				"lower-case": "^1.1.1"
			}
		},
		"node-fetch": {
			"version": "2.6.0",
			"resolved": "https://registry.npmjs.org/node-fetch/-/node-fetch-2.6.0.tgz",
			"integrity": "sha512-8dG4H5ujfvFiqDmVu9fQ5bOHUC15JMjMY/Zumv26oOvvVJjM67KF8koCWIabKQ1GJIa9r2mMZscBq/TbdOcmNA=="
		},
		"normalize-path": {
			"version": "3.0.0",
			"resolved": "https://registry.npmjs.org/normalize-path/-/normalize-path-3.0.0.tgz",
			"integrity": "sha512-6eZs5Ls3WtCisHWp9S2GUy8dqkpGi4BVSz3GaqiE6ezub0512ESztXUwUB6C6IKbQkY2Pnb/mD4WYojCRwcwLA=="
		},
		"once": {
			"version": "1.4.0",
			"resolved": "https://registry.npmjs.org/once/-/once-1.4.0.tgz",
			"integrity": "sha1-WDsap3WWHUsROsF9nFC6753Xa9E=",
			"requires": {
				"wrappy": "1"
			}
		},
		"param-case": {
			"version": "2.1.1",
			"resolved": "https://registry.npmjs.org/param-case/-/param-case-2.1.1.tgz",
			"integrity": "sha1-35T9jPZTHs915r75oIWPvHK+Ikc=",
			"requires": {
				"no-case": "^2.2.0"
			}
		},
		"pascal-case": {
			"version": "2.0.1",
			"resolved": "https://registry.npmjs.org/pascal-case/-/pascal-case-2.0.1.tgz",
			"integrity": "sha1-LVeNNFX2YNpl7KGO+VtODekSdh4=",
			"requires": {
				"camel-case": "^3.0.0",
				"upper-case-first": "^1.1.0"
			}
		},
		"path-case": {
			"version": "2.1.1",
			"resolved": "https://registry.npmjs.org/path-case/-/path-case-2.1.1.tgz",
			"integrity": "sha1-lLgDfDctP+KQbkZbtF4l0ibo7qU=",
			"requires": {
				"no-case": "^2.2.0"
			}
		},
		"path-is-absolute": {
			"version": "1.0.1",
			"resolved": "https://registry.npmjs.org/path-is-absolute/-/path-is-absolute-1.0.1.tgz",
			"integrity": "sha1-F0uSaHNVNP+8es5r9TpanhtcX18="
		},
		"path-type": {
			"version": "4.0.0",
			"resolved": "https://registry.npmjs.org/path-type/-/path-type-4.0.0.tgz",
			"integrity": "sha512-gDKb8aZMDeD/tZWs9P6+q0J9Mwkdl6xMV8TjnGP3qJVJ06bdMgkbBlLU8IdfOsIsFz2BW1rNVT3XuNEl8zPAvw=="
		},
		"picomatch": {
			"version": "2.1.1",
			"resolved": "https://registry.npmjs.org/picomatch/-/picomatch-2.1.1.tgz",
			"integrity": "sha512-OYMyqkKzK7blWO/+XZYP6w8hH0LDvkBvdvKukti+7kqYFCiEAk+gI3DWnryapc0Dau05ugGTy0foQ6mqn4AHYA=="
		},
		"pluralize": {
			"version": "8.0.0",
			"resolved": "https://registry.npmjs.org/pluralize/-/pluralize-8.0.0.tgz",
			"integrity": "sha512-Nc3IT5yHzflTfbjgqWcCPpo7DaKy4FnpB0l/zCAW0Tc7jxAiuqSxHasntB3D7887LSrA93kDJ9IXovxJYxyLCA=="
		},
		"readdirp": {
			"version": "3.2.0",
			"resolved": "https://registry.npmjs.org/readdirp/-/readdirp-3.2.0.tgz",
			"integrity": "sha512-crk4Qu3pmXwgxdSgGhgA/eXiJAPQiX4GMOZZMXnqKxHX7TaoL+3gQVo/WeuAiogr07DpnfjIMpXXa+PAIvwPGQ==",
			"requires": {
				"picomatch": "^2.0.4"
			}
		},
		"resolve-from": {
			"version": "4.0.0",
			"resolved": "https://registry.npmjs.org/resolve-from/-/resolve-from-4.0.0.tgz",
			"integrity": "sha512-pb/MYmXstAkysRFx8piNI1tGFNQIFA3vkE3Gq4EuA1dF6gHp/+vgZqsCGJapvy8N3Q+4o7FwvquPJcnZ7RYy4g=="
		},
		"reusify": {
			"version": "1.0.4",
			"resolved": "https://registry.npmjs.org/reusify/-/reusify-1.0.4.tgz",
			"integrity": "sha512-U9nH88a3fc/ekCF1l0/UP1IosiuIjyTh7hBvXVMHYgVcfGvt897Xguj2UOLDeI5BG2m7/uwyaLVT6fbtCwTyzw=="
		},
		"run-parallel": {
			"version": "1.1.9",
			"resolved": "https://registry.npmjs.org/run-parallel/-/run-parallel-1.1.9.tgz",
			"integrity": "sha512-DEqnSRTDw/Tc3FXf49zedI638Z9onwUotBMiUFKmrO2sdFKIbXamXGQ3Axd4qgphxKB4kw/qP1w5kTxnfU1B9Q=="
		},
		"semver": {
			"version": "6.3.0",
			"resolved": "https://registry.npmjs.org/semver/-/semver-6.3.0.tgz",
			"integrity": "sha512-b39TBaTSfV6yBrapU89p5fKekE2m/NwnDocOVruQFS1/veMgdzuPcnOM34M6CwxW8jH/lxEa5rBoDeUwu5HHTw==",
			"optional": true
		},
		"sentence-case": {
			"version": "2.1.1",
			"resolved": "https://registry.npmjs.org/sentence-case/-/sentence-case-2.1.1.tgz",
			"integrity": "sha1-H24t2jnBaL+S0T+G1KkYkz9mftQ=",
			"requires": {
				"no-case": "^2.2.0",
				"upper-case-first": "^1.1.2"
			}
		},
		"slash": {
			"version": "3.0.0",
			"resolved": "https://registry.npmjs.org/slash/-/slash-3.0.0.tgz",
			"integrity": "sha512-g9Q1haeby36OSStwb4ntCGGGaKsaVSjQ68fBxoQcutl5fS1vuY18H3wSt3jFyFtrkx+Kz0V1G85A4MyAdDMi2Q=="
		},
		"snake-case": {
			"version": "2.1.0",
			"resolved": "https://registry.npmjs.org/snake-case/-/snake-case-2.1.0.tgz",
			"integrity": "sha1-Qb2xtz8w7GagTU4srRt2OH1NbZ8=",
			"requires": {
				"no-case": "^2.2.0"
			}
		},
		"swap-case": {
			"version": "1.1.2",
			"resolved": "https://registry.npmjs.org/swap-case/-/swap-case-1.1.2.tgz",
			"integrity": "sha1-w5IDpFhzhfrTyFCgvRvK+ggZdOM=",
			"requires": {
				"lower-case": "^1.1.1",
				"upper-case": "^1.1.1"
			}
		},
		"title-case": {
			"version": "2.1.1",
			"resolved": "https://registry.npmjs.org/title-case/-/title-case-2.1.1.tgz",
			"integrity": "sha1-PhJyFtpY0rxb7PE3q5Ha46fNj6o=",
			"requires": {
				"no-case": "^2.2.0",
				"upper-case": "^1.0.3"
			}
		},
		"to-regex-range": {
			"version": "5.0.1",
			"resolved": "https://registry.npmjs.org/to-regex-range/-/to-regex-range-5.0.1.tgz",
			"integrity": "sha512-65P7iz6X5yEr1cwcgvQxbbIw7Uk3gOy5dIdtZ4rDveLqhrdJP+Li/Hx6tyK0NEb+2GCyneCMJiGqrADCSNk8sQ==",
			"requires": {
				"is-number": "^7.0.0"
			}
		},
		"ts-invariant": {
			"version": "0.4.4",
			"resolved": "https://registry.npmjs.org/ts-invariant/-/ts-invariant-0.4.4.tgz",
			"integrity": "sha512-uEtWkFM/sdZvRNNDL3Ehu4WVpwaulhwQszV8mrtcdeE8nN00BV9mAmQ88RkrBhFgl9gMgvjJLAQcZbnPXI9mlA==",
			"requires": {
				"tslib": "^1.9.3"
			}
		},
		"ts-morph": {
			"version": "4.0.1",
			"resolved": "https://registry.npmjs.org/ts-morph/-/ts-morph-4.0.1.tgz",
			"integrity": "sha512-Vp6qYw8AHqQOPxLmRUoUbRDSUul+KV9Jh5y6egG0hZuzxfohWbzxbKoF9PfaFdZ8M//8Tc1IbPU84KA+psRFnA==",
			"requires": {
				"@dsherret/to-absolute-glob": "^2.0.2",
				"code-block-writer": "^10.0.0",
				"fs-extra": "^8.1.0",
				"glob-parent": "^5.0.0",
				"globby": "^10.0.1",
				"is-negated-glob": "^1.0.0",
				"multimatch": "^4.0.0",
				"typescript": "^3.0.1"
			}
		},
		"tslib": {
			"version": "1.10.0",
			"resolved": "https://registry.npmjs.org/tslib/-/tslib-1.10.0.tgz",
			"integrity": "sha512-qOebF53frne81cf0S9B41ByenJ3/IuH8yJKngAX35CmiZySA0khhkovshKK+jGCaMnVomla7gVlIcc3EvKPbTQ=="
		},
		"type-graphql": {
			"version": "0.17.5",
			"resolved": "https://registry.npmjs.org/type-graphql/-/type-graphql-0.17.5.tgz",
			"integrity": "sha512-wscr63K0j9UKcX/nBTySamLd7nMZeYKmADk8A9sVmcPh+clNJUAw96784dg2VZn/sUdmN1y2AeKzmTjCfVB5sA==",
			"optional": true,
			"requires": {
				"@types/glob": "^7.1.1",
				"@types/node": "*",
				"@types/semver": "^6.0.1",
				"class-validator": ">=0.9.1",
				"glob": "^7.1.4",
				"graphql-query-complexity": "^0.3.0",
				"graphql-subscriptions": "^1.1.0",
				"semver": "^6.2.0",
				"tslib": "^1.10.0"
			}
		},
		"typescript": {
			"version": "3.7.2",
			"resolved": "https://registry.npmjs.org/typescript/-/typescript-3.7.2.tgz",
			"integrity": "sha512-ml7V7JfiN2Xwvcer+XAf2csGO1bPBdRbFCkYBczNZggrBZ9c7G3riSUeJmqEU5uOtXNPMhE3n+R4FA/3YOAWOQ=="
		},
		"unc-path-regex": {
			"version": "0.1.2",
			"resolved": "https://registry.npmjs.org/unc-path-regex/-/unc-path-regex-0.1.2.tgz",
			"integrity": "sha1-5z3T17DXxe2G+6xrCufYxqadUPo="
		},
		"universalify": {
			"version": "0.1.2",
			"resolved": "https://registry.npmjs.org/universalify/-/universalify-0.1.2.tgz",
			"integrity": "sha512-rBJeI5CXAlmy1pV+617WB9J63U6XcazHHF2f2dbJix4XzpUF0RS3Zbj0FGIOCAva5P/d/GBOYaACQ1w+0azUkg=="
		},
		"upper-case": {
			"version": "1.1.3",
			"resolved": "https://registry.npmjs.org/upper-case/-/upper-case-1.1.3.tgz",
			"integrity": "sha1-9rRQHC7EzdJrp4vnIilh3ndiFZg="
		},
		"upper-case-first": {
			"version": "1.1.2",
			"resolved": "https://registry.npmjs.org/upper-case-first/-/upper-case-first-1.1.2.tgz",
			"integrity": "sha1-XXm+3P8UQZUY/S7bCgUHybaFkRU=",
			"requires": {
				"upper-case": "^1.1.1"
			}
		},
		"uuid": {
			"version": "3.3.3",
			"resolved": "https://registry.npmjs.org/uuid/-/uuid-3.3.3.tgz",
			"integrity": "sha512-pW0No1RGHgzlpHJO1nsVrHKpOEIxkGg1xB+v0ZmdNH5OAeAwzAVrCnI2/6Mtx+Uys6iaylxa+D3g4j63IKKjSQ=="
		},
		"valid-url": {
			"version": "1.0.9",
			"resolved": "https://registry.npmjs.org/valid-url/-/valid-url-1.0.9.tgz",
			"integrity": "sha1-HBRHm0DxOXp1eC8RXkCGRHQzogA="
		},
		"validator": {
			"version": "12.0.0",
			"resolved": "https://registry.npmjs.org/validator/-/validator-12.0.0.tgz",
			"integrity": "sha512-r5zA1cQBEOgYlesRmSEwc9LkbfNLTtji+vWyaHzRZUxCTHdsX3bd+sdHfs5tGZ2W6ILGGsxWxCNwT/h3IY/3ng==",
			"optional": true
		},
		"whatwg-fetch": {
			"version": "3.0.0",
			"resolved": "https://registry.npmjs.org/whatwg-fetch/-/whatwg-fetch-3.0.0.tgz",
			"integrity": "sha512-9GSJUgz1D4MfyKU7KRqwOjXCXTqWdFNvEr7eUBYchQiVc744mqK/MzXPNR2WsPkmkOa4ywfg8C2n8h+13Bey1Q=="
		},
		"wrappy": {
			"version": "1.0.2",
			"resolved": "https://registry.npmjs.org/wrappy/-/wrappy-1.0.2.tgz",
			"integrity": "sha1-tSQ9jz7BqjXxNkYFvA0QNuMKtp8="
		},
		"zen-observable": {
			"version": "0.8.14",
			"resolved": "https://registry.npmjs.org/zen-observable/-/zen-observable-0.8.14.tgz",
			"integrity": "sha512-kQz39uonEjEESwh+qCi83kcC3rZJGh4mrZW7xjkSQYXkq//JZHTtKo+6yuVloTgMtzsIWOJrjIrKvk/dqm0L5g=="
		},
		"zen-observable-ts": {
			"version": "0.8.20",
			"resolved": "https://registry.npmjs.org/zen-observable-ts/-/zen-observable-ts-0.8.20.tgz",
			"integrity": "sha512-2rkjiPALhOtRaDX6pWyNqK1fnP5KkJJybYebopNSn6wDG1lxBoFs2+nwwXKoA6glHIrtwrfBBy6da0stkKtTAA==",
			"requires": {
				"tslib": "^1.9.3",
				"zen-observable": "^0.8.0"
			}
		}
	}
}
