{
	"name": "@nestjs-query/query-graphql",
	"version": "1.0.0",
	"lockfileVersion": 1,
	"requires": true,
	"dependencies": {
		"@types/graphql-relay": {
			"version": "0.4.11",
			"resolved": "https://registry.npmjs.org/@types/graphql-relay/-/graphql-relay-0.4.11.tgz",
			"integrity": "sha512-b/dEvz8KBsUrxRbY4kBCVbef6Fm+UhWB4G8L8SYFJEd5V/hszSPnoY+k5Pf3j6As7bXHhBlbmLyJj0aJzCKE/Q==",
			"dev": true,
			"requires": {
				"graphql": "^14.5.3"
			}
		},
		"graphql": {
			"version": "14.5.8",
			"resolved": "https://registry.npmjs.org/graphql/-/graphql-14.5.8.tgz",
			"integrity": "sha512-MMwmi0zlVLQKLdGiMfWkgQD7dY/TUKt4L+zgJ/aR0Howebod3aNgP5JkgvAULiR2HPVZaP2VEElqtdidHweLkg==",
			"dev": true,
			"requires": {
				"iterall": "^1.2.2"
			}
		},
		"iterall": {
			"version": "1.2.2",
			"resolved": "https://registry.npmjs.org/iterall/-/iterall-1.2.2.tgz",
			"integrity": "sha512-yynBb1g+RFUPY64fTrFv7nsjRrENBQJaX2UL+2Szc9REFrSNm1rpSXHGzhmAy7a9uv3vlvgBlXnf9RqmPH1/DA==",
			"dev": true
		}
	}
}
